
Microsoft Visual Studio Solution File, Format Version 12.00
# Visual Studio Version 17
VisualStudioVersion = 17.4.33213.308
MinimumVisualStudioVersion = 10.0.40219.1
Project("{FAE04EC0-301F-11D3-BF4B-00C04F79EFBC}") = "Zadania petle tydzien 2 lekcja 8", "Zadania petle tydzien 2 lekcja 8\Zadania petle tydzien 2 lekcja 8.csproj", "{1031E04D-998E-44CC-847D-DEB76BAD45E1}"
EndProject
Global
	GlobalSection(SolutionConfigurationPlatforms) = preSolution
		Debug|Any CPU = Debug|Any CPU
		Release|Any CPU = Release|Any CPU
	EndGlobalSection
	GlobalSection(ProjectConfigurationPlatforms) = postSolution
		{1031E04D-998E-44CC-847D-DEB76BAD45E1}.Debug|Any CPU.ActiveCfg = Debug|Any CPU
		{1031E04D-998E-44CC-847D-DEB76BAD45E1}.Debug|Any CPU.Build.0 = Debug|Any CPU
		{1031E04D-998E-44CC-847D-DEB76BAD45E1}.Release|Any CPU.ActiveCfg = Release|Any CPU
		{1031E04D-998E-44CC-847D-DEB76BAD45E1}.Release|Any CPU.Build.0 = Release|Any CPU
	EndGlobalSection
	GlobalSection(SolutionProperties) = preSolution
		HideSolutionNode = FALSE
	EndGlobalSection
	GlobalSection(ExtensibilityGlobals) = postSolution
		SolutionGuid = {BEF1C6FD-DB0D-4B2E-BFF2-E55BF53B7847}
	EndGlobalSection
EndGlobal
